// !$*UTF8*$!
{
	archiveVersion = 1;
	classes = {
	};
	objectVersion = 56;
	objects = {

/* Begin PBXBuildFile section */
		0AD1A9112B186E530009B682 /* Launch Screen.storyboard in Resources */ = {isa = PBXBuildFile; fileRef = 0AD1A9102B186E530009B682 /* Launch Screen.storyboard */; };
		0AF4F47D2B188AE90008856C /* Tools.swift in Sources */ = {isa = PBXBuildFile; fileRef = 0AF4F47C2B188AE90008856C /* Tools.swift */; };
		0AF600FF2AC2C45700C7EFCB /* PhotoXApp.swift in Sources */ = {isa = PBXBuildFile; fileRef = 0AF600FE2AC2C45700C7EFCB /* PhotoXApp.swift */; };
		0AF601032AC2C45900C7EFCB /* Assets.xcassets in Resources */ = {isa = PBXBuildFile; fileRef = 0AF601022AC2C45900C7EFCB /* Assets.xcassets */; };
		0AF601062AC2C45900C7EFCB /* Preview Assets.xcassets in Resources */ = {isa = PBXBuildFile; fileRef = 0AF601052AC2C45900C7EFCB /* Preview Assets.xcassets */; };
		0AF6010D2AC2C5C000C7EFCB /* CachedImageManager.swift in Sources */ = {isa = PBXBuildFile; fileRef = 0AF6010C2AC2C5C000C7EFCB /* CachedImageManager.swift */; };
		0AF6010F2AC2C6A200C7EFCB /* DataModel.swift in Sources */ = {isa = PBXBuildFile; fileRef = 0AF6010E2AC2C6A200C7EFCB /* DataModel.swift */; };
		0AF601112AC2C71100C7EFCB /* PhotoAsset.swift in Sources */ = {isa = PBXBuildFile; fileRef = 0AF601102AC2C71100C7EFCB /* PhotoAsset.swift */; };
		0AF601132AC2C77600C7EFCB /* PhotoAssetCollection.swift in Sources */ = {isa = PBXBuildFile; fileRef = 0AF601122AC2C77600C7EFCB /* PhotoAssetCollection.swift */; };
		0AF601152AC2C7B500C7EFCB /* PhotoCollection.swift in Sources */ = {isa = PBXBuildFile; fileRef = 0AF601142AC2C7B500C7EFCB /* PhotoCollection.swift */; };
		0AF601172AC2C84C00C7EFCB /* PhotoCollectionView.swift in Sources */ = {isa = PBXBuildFile; fileRef = 0AF601162AC2C84C00C7EFCB /* PhotoCollectionView.swift */; };
		0AF601192AC2C88E00C7EFCB /* PhotoItemView.swift in Sources */ = {isa = PBXBuildFile; fileRef = 0AF601182AC2C88E00C7EFCB /* PhotoItemView.swift */; };
		0AF6011B2AC2C8CA00C7EFCB /* PhotoLibrary.swift in Sources */ = {isa = PBXBuildFile; fileRef = 0AF6011A2AC2C8CA00C7EFCB /* PhotoLibrary.swift */; };
		0AF6011D2AC2C91800C7EFCB /* PhotoView.swift in Sources */ = {isa = PBXBuildFile; fileRef = 0AF6011C2AC2C91800C7EFCB /* PhotoView.swift */; };
		0AF6011F2AC2C95F00C7EFCB /* TrashCollectionView.swift in Sources */ = {isa = PBXBuildFile; fileRef = 0AF6011E2AC2C95F00C7EFCB /* TrashCollectionView.swift */; };
/* End PBXBuildFile section */

/* Begin PBXFileReference section */
		0AD1A9102B186E530009B682 /* Launch Screen.storyboard */ = {isa = PBXFileReference; lastKnownFileType = file.storyboard; path = "Launch Screen.storyboard"; sourceTree = "<group>"; };
		0AF4F47C2B188AE90008856C /* Tools.swift */ = {isa = PBXFileReference; lastKnownFileType = sourcecode.swift; path = Tools.swift; sourceTree = "<group>"; };
		0AF600FB2AC2C45700C7EFCB /* PhotoX.app */ = {isa = PBXFileReference; explicitFileType = wrapper.application; includeInIndex = 0; path = PhotoX.app; sourceTree = BUILT_PRODUCTS_DIR; };
		0AF600FE2AC2C45700C7EFCB /* PhotoXApp.swift */ = {isa = PBXFileReference; lastKnownFileType = sourcecode.swift; path = PhotoXApp.swift; sourceTree = "<group>"; };
		0AF601022AC2C45900C7EFCB /* Assets.xcassets */ = {isa = PBXFileReference; lastKnownFileType = folder.assetcatalog; path = Assets.xcassets; sourceTree = "<group>"; };
		0AF601052AC2C45900C7EFCB /* Preview Assets.xcassets */ = {isa = PBXFileReference; lastKnownFileType = folder.assetcatalog; path = "Preview Assets.xcassets"; sourceTree = "<group>"; };
		0AF6010C2AC2C5C000C7EFCB /* CachedImageManager.swift */ = {isa = PBXFileReference; lastKnownFileType = sourcecode.swift; path = CachedImageManager.swift; sourceTree = "<group>"; };
		0AF6010E2AC2C6A200C7EFCB /* DataModel.swift */ = {isa = PBXFileReference; lastKnownFileType = sourcecode.swift; path = DataModel.swift; sourceTree = "<group>"; };
		0AF601102AC2C71100C7EFCB /* PhotoAsset.swift */ = {isa = PBXFileReference; lastKnownFileType = sourcecode.swift; path = PhotoAsset.swift; sourceTree = "<group>"; };
		0AF601122AC2C77600C7EFCB /* PhotoAssetCollection.swift */ = {isa = PBXFileReference; lastKnownFileType = sourcecode.swift; path = PhotoAssetCollection.swift; sourceTree = "<group>"; };
		0AF601142AC2C7B500C7EFCB /* PhotoCollection.swift */ = {isa = PBXFileReference; lastKnownFileType = sourcecode.swift; path = PhotoCollection.swift; sourceTree = "<group>"; };
		0AF601162AC2C84C00C7EFCB /* PhotoCollectionView.swift */ = {isa = PBXFileReference; lastKnownFileType = sourcecode.swift; path = PhotoCollectionView.swift; sourceTree = "<group>"; };
		0AF601182AC2C88E00C7EFCB /* PhotoItemView.swift */ = {isa = PBXFileReference; lastKnownFileType = sourcecode.swift; path = PhotoItemView.swift; sourceTree = "<group>"; };
		0AF6011A2AC2C8CA00C7EFCB /* PhotoLibrary.swift */ = {isa = PBXFileReference; lastKnownFileType = sourcecode.swift; path = PhotoLibrary.swift; sourceTree = "<group>"; };
		0AF6011C2AC2C91800C7EFCB /* PhotoView.swift */ = {isa = PBXFileReference; lastKnownFileType = sourcecode.swift; path = PhotoView.swift; sourceTree = "<group>"; };
		0AF6011E2AC2C95F00C7EFCB /* TrashCollectionView.swift */ = {isa = PBXFileReference; lastKnownFileType = sourcecode.swift; path = TrashCollectionView.swift; sourceTree = "<group>"; };
		0AF601202AC2D03600C7EFCB /* Info.plist */ = {isa = PBXFileReference; lastKnownFileType = text.plist; path = Info.plist; sourceTree = "<group>"; };
/* End PBXFileReference section */

/* Begin PBXFrameworksBuildPhase section */
		0AF600F82AC2C45700C7EFCB /* Frameworks */ = {
			isa = PBXFrameworksBuildPhase;
			buildActionMask = 2147483647;
			files = (
			);
			runOnlyForDeploymentPostprocessing = 0;
		};
/* End PBXFrameworksBuildPhase section */

/* Begin PBXGroup section */
		0ABE4CDD2B9702A2005F8F72 /* View */ = {
			isa = PBXGroup;
			children = (
				0AF601162AC2C84C00C7EFCB /* PhotoCollectionView.swift */,
				0AF601182AC2C88E00C7EFCB /* PhotoItemView.swift */,
				0AF6011C2AC2C91800C7EFCB /* PhotoView.swift */,
				0AF6011E2AC2C95F00C7EFCB /* TrashCollectionView.swift */,
			);
			path = View;
			sourceTree = "<group>";
		};
		0ABE4CDE2B971DB6005F8F72 /* Model */ = {
			isa = PBXGroup;
			children = (
				0AF601142AC2C7B500C7EFCB /* PhotoCollection.swift */,
				0AF601122AC2C77600C7EFCB /* PhotoAssetCollection.swift */,
				0AF601102AC2C71100C7EFCB /* PhotoAsset.swift */,
				0AF6010E2AC2C6A200C7EFCB /* DataModel.swift */,
			);
			path = Model;
			sourceTree = "<group>";
		};
		0AF600F22AC2C45700C7EFCB = {
			isa = PBXGroup;
			children = (
				0AF600FD2AC2C45700C7EFCB /* PhotoX */,
				0AF600FC2AC2C45700C7EFCB /* Products */,
			);
			sourceTree = "<group>";
		};
		0AF600FC2AC2C45700C7EFCB /* Products */ = {
			isa = PBXGroup;
			children = (
				0AF600FB2AC2C45700C7EFCB /* PhotoX.app */,
			);
			name = Products;
			sourceTree = "<group>";
		};
		0AF600FD2AC2C45700C7EFCB /* PhotoX */ = {
			isa = PBXGroup;
			children = (
				0AF601202AC2D03600C7EFCB /* Info.plist */,
				0AF600FE2AC2C45700C7EFCB /* PhotoXApp.swift */,
				0AD1A9102B186E530009B682 /* Launch Screen.storyboard */,
				0AF6010C2AC2C5C000C7EFCB /* CachedImageManager.swift */,
				0ABE4CDE2B971DB6005F8F72 /* Model */,
				0ABE4CDD2B9702A2005F8F72 /* View */,
				0AF4F47C2B188AE90008856C /* Tools.swift */,
				0AF6011A2AC2C8CA00C7EFCB /* PhotoLibrary.swift */,
				0AF601022AC2C45900C7EFCB /* Assets.xcassets */,
				0AF601042AC2C45900C7EFCB /* Preview Content */,
			);
			path = PhotoX;
			sourceTree = "<group>";
		};
		0AF601042AC2C45900C7EFCB /* Preview Content */ = {
			isa = PBXGroup;
			children = (
				0AF601052AC2C45900C7EFCB /* Preview Assets.xcassets */,
			);
			path = "Preview Content";
			sourceTree = "<group>";
		};
/* End PBXGroup section */

/* Begin PBXNativeTarget section */
		0AF600FA2AC2C45700C7EFCB /* PhotoX */ = {
			isa = PBXNativeTarget;
			buildConfigurationList = 0AF601092AC2C45900C7EFCB /* Build configuration list for PBXNativeTarget "PhotoX" */;
			buildPhases = (
				0AF600F72AC2C45700C7EFCB /* Sources */,
				0AF600F82AC2C45700C7EFCB /* Frameworks */,
				0AF600F92AC2C45700C7EFCB /* Resources */,
			);
			buildRules = (
			);
			dependencies = (
			);
			name = PhotoX;
			productName = PhotoX;
			productReference = 0AF600FB2AC2C45700C7EFCB /* PhotoX.app */;
			productType = "com.apple.product-type.application";
		};
/* End PBXNativeTarget section */

/* Begin PBXProject section */
		0AF600F32AC2C45700C7EFCB /* Project object */ = {
			isa = PBXProject;
			attributes = {
				BuildIndependentTargetsInParallel = 1;
				LastSwiftUpdateCheck = 1430;
				LastUpgradeCheck = 1430;
				TargetAttributes = {
					0AF600FA2AC2C45700C7EFCB = {
						CreatedOnToolsVersion = 14.3;
					};
				};
			};
			buildConfigurationList = 0AF600F62AC2C45700C7EFCB /* Build configuration list for PBXProject "PhotoX" */;
			compatibilityVersion = "Xcode 14.0";
			developmentRegion = en;
			hasScannedForEncodings = 0;
			knownRegions = (
				en,
				Base,
			);
			mainGroup = 0AF600F22AC2C45700C7EFCB;
			productRefGroup = 0AF600FC2AC2C45700C7EFCB /* Products */;
			projectDirPath = "";
			projectRoot = "";
			targets = (
				0AF600FA2AC2C45700C7EFCB /* PhotoX */,
			);
		};
/* End PBXProject section */

/* Begin PBXResourcesBuildPhase section */
		0AF600F92AC2C45700C7EFCB /* Resources */ = {
			isa = PBXResourcesBuildPhase;
			buildActionMask = 2147483647;
			files = (
				0AD1A9112B186E530009B682 /* Launch Screen.storyboard in Resources */,
				0AF601062AC2C45900C7EFCB /* Preview Assets.xcassets in Resources */,
				0AF601032AC2C45900C7EFCB /* Assets.xcassets in Resources */,
			);
			runOnlyForDeploymentPostprocessing = 0;
		};
/* End PBXResourcesBuildPhase section */

/* Begin PBXSourcesBuildPhase section */
		0AF600F72AC2C45700C7EFCB /* Sources */ = {
			isa = PBXSourcesBuildPhase;
			buildActionMask = 2147483647;
			files = (
				0AF601192AC2C88E00C7EFCB /* PhotoItemView.swift in Sources */,
				0AF6011B2AC2C8CA00C7EFCB /* PhotoLibrary.swift in Sources */,
				0AF601132AC2C77600C7EFCB /* PhotoAssetCollection.swift in Sources */,
				0AF4F47D2B188AE90008856C /* Tools.swift in Sources */,
				0AF601152AC2C7B500C7EFCB /* PhotoCollection.swift in Sources */,
				0AF6011D2AC2C91800C7EFCB /* PhotoView.swift in Sources */,
				0AF6010F2AC2C6A200C7EFCB /* DataModel.swift in Sources */,
				0AF6010D2AC2C5C000C7EFCB /* CachedImageManager.swift in Sources */,
				0AF601172AC2C84C00C7EFCB /* PhotoCollectionView.swift in Sources */,
				0AF6011F2AC2C95F00C7EFCB /* TrashCollectionView.swift in Sources */,
				0AF601112AC2C71100C7EFCB /* PhotoAsset.swift in Sources */,
				0AF600FF2AC2C45700C7EFCB /* PhotoXApp.swift in Sources */,
			);
			runOnlyForDeploymentPostprocessing = 0;
		};
/* End PBXSourcesBuildPhase section */

/* Begin XCBuildConfiguration section */
		0AF601072AC2C45900C7EFCB /* Debug */ = {
			isa = XCBuildConfiguration;
			buildSettings = {
				ALWAYS_SEARCH_USER_PATHS = NO;
				CLANG_ANALYZER_NONNULL = YES;
				CLANG_ANALYZER_NUMBER_OBJECT_CONVERSION = YES_AGGRESSIVE;
				CLANG_CXX_LANGUAGE_STANDARD = "gnu++20";
				CLANG_ENABLE_MODULES = YES;
				CLANG_ENABLE_OBJC_ARC = YES;
				CLANG_ENABLE_OBJC_WEAK = YES;
				CLANG_WARN_BLOCK_CAPTURE_AUTORELEASING = YES;
				CLANG_WARN_BOOL_CONVERSION = YES;
				CLANG_WARN_COMMA = YES;
				CLANG_WARN_CONSTANT_CONVERSION = YES;
				CLANG_WARN_DEPRECATED_OBJC_IMPLEMENTATIONS = YES;
				CLANG_WARN_DIRECT_OBJC_ISA_USAGE = YES_ERROR;
				CLANG_WARN_DOCUMENTATION_COMMENTS = YES;
				CLANG_WARN_EMPTY_BODY = YES;
				CLANG_WARN_ENUM_CONVERSION = YES;
				CLANG_WARN_INFINITE_RECURSION = YES;
				CLANG_WARN_INT_CONVERSION = YES;
				CLANG_WARN_NON_LITERAL_NULL_CONVERSION = YES;
				CLANG_WARN_OBJC_IMPLICIT_RETAIN_SELF = YES;
				CLANG_WARN_OBJC_LITERAL_CONVERSION = YES;
				CLANG_WARN_OBJC_ROOT_CLASS = YES_ERROR;
				CLANG_WARN_QUOTED_INCLUDE_IN_FRAMEWORK_HEADER = YES;
				CLANG_WARN_RANGE_LOOP_ANALYSIS = YES;
				CLANG_WARN_STRICT_PROTOTYPES = YES;
				CLANG_WARN_SUSPICIOUS_MOVE = YES;
				CLANG_WARN_UNGUARDED_AVAILABILITY = YES_AGGRESSIVE;
				CLANG_WARN_UNREACHABLE_CODE = YES;
				CLANG_WARN__DUPLICATE_METHOD_MATCH = YES;
				COPY_PHASE_STRIP = NO;
				DEBUG_INFORMATION_FORMAT = dwarf;
				ENABLE_STRICT_OBJC_MSGSEND = YES;
				ENABLE_TESTABILITY = YES;
				GCC_C_LANGUAGE_STANDARD = gnu11;
				GCC_DYNAMIC_NO_PIC = NO;
				GCC_NO_COMMON_BLOCKS = YES;
				GCC_OPTIMIZATION_LEVEL = 0;
				GCC_PREPROCESSOR_DEFINITIONS = (
					"DEBUG=1",
					"$(inherited)",
				);
				GCC_WARN_64_TO_32_BIT_CONVERSION = YES;
				GCC_WARN_ABOUT_RETURN_TYPE = YES_ERROR;
				GCC_WARN_UNDECLARED_SELECTOR = YES;
				GCC_WARN_UNINITIALIZED_AUTOS = YES_AGGRESSIVE;
				GCC_WARN_UNUSED_FUNCTION = YES;
				GCC_WARN_UNUSED_VARIABLE = YES;
				IPHONEOS_DEPLOYMENT_TARGET = 16.0;
				MTL_ENABLE_DEBUG_INFO = INCLUDE_SOURCE;
				MTL_FAST_MATH = YES;
				ONLY_ACTIVE_ARCH = YES;
				SDKROOT = iphoneos;
				SWIFT_ACTIVE_COMPILATION_CONDITIONS = DEBUG;
				SWIFT_OPTIMIZATION_LEVEL = "-Onone";
			};
			name = Debug;
		};
		0AF601082AC2C45900C7EFCB /* Release */ = {
			isa = XCBuildConfiguration;
			buildSettings = {
				ALWAYS_SEARCH_USER_PATHS = NO;
				CLANG_ANALYZER_NONNULL = YES;
				CLANG_ANALYZER_NUMBER_OBJECT_CONVERSION = YES_AGGRESSIVE;
				CLANG_CXX_LANGUAGE_STANDARD = "gnu++20";
				CLANG_ENABLE_MODULES = YES;
				CLANG_ENABLE_OBJC_ARC = YES;
				CLANG_ENABLE_OBJC_WEAK = YES;
				CLANG_WARN_BLOCK_CAPTURE_AUTORELEASING = YES;
				CLANG_WARN_BOOL_CONVERSION = YES;
				CLANG_WARN_COMMA = YES;
				CLANG_WARN_CONSTANT_CONVERSION = YES;
				CLANG_WARN_DEPRECATED_OBJC_IMPLEMENTATIONS = YES;
				CLANG_WARN_DIRECT_OBJC_ISA_USAGE = YES_ERROR;
				CLANG_WARN_DOCUMENTATION_COMMENTS = YES;
				CLANG_WARN_EMPTY_BODY = YES;
				CLANG_WARN_ENUM_CONVERSION = YES;
				CLANG_WARN_INFINITE_RECURSION = YES;
				CLANG_WARN_INT_CONVERSION = YES;
				CLANG_WARN_NON_LITERAL_NULL_CONVERSION = YES;
				CLANG_WARN_OBJC_IMPLICIT_RETAIN_SELF = YES;
				CLANG_WARN_OBJC_LITERAL_CONVERSION = YES;
				CLANG_WARN_OBJC_ROOT_CLASS = YES_ERROR;
				CLANG_WARN_QUOTED_INCLUDE_IN_FRAMEWORK_HEADER = YES;
				CLANG_WARN_RANGE_LOOP_ANALYSIS = YES;
				CLANG_WARN_STRICT_PROTOTYPES = YES;
				CLANG_WARN_SUSPICIOUS_MOVE = YES;
				CLANG_WARN_UNGUARDED_AVAILABILITY = YES_AGGRESSIVE;
				CLANG_WARN_UNREACHABLE_CODE = YES;
				CLANG_WARN__DUPLICATE_METHOD_MATCH = YES;
				COPY_PHASE_STRIP = NO;
				DEBUG_INFORMATION_FORMAT = "dwarf-with-dsym";
				ENABLE_NS_ASSERTIONS = NO;
				ENABLE_STRICT_OBJC_MSGSEND = YES;
				GCC_C_LANGUAGE_STANDARD = gnu11;
				GCC_NO_COMMON_BLOCKS = YES;
				GCC_WARN_64_TO_32_BIT_CONVERSION = YES;
				GCC_WARN_ABOUT_RETURN_TYPE = YES_ERROR;
				GCC_WARN_UNDECLARED_SELECTOR = YES;
				GCC_WARN_UNINITIALIZED_AUTOS = YES_AGGRESSIVE;
				GCC_WARN_UNUSED_FUNCTION = YES;
				GCC_WARN_UNUSED_VARIABLE = YES;
				IPHONEOS_DEPLOYMENT_TARGET = 16.0;
				MTL_ENABLE_DEBUG_INFO = NO;
				MTL_FAST_MATH = YES;
				SDKROOT = iphoneos;
				SWIFT_COMPILATION_MODE = wholemodule;
				SWIFT_OPTIMIZATION_LEVEL = "-O";
				VALIDATE_PRODUCT = YES;
			};
			name = Release;
		};
		0AF6010A2AC2C45900C7EFCB /* Debug */ = {
			isa = XCBuildConfiguration;
			buildSettings = {
				ALWAYS_EMBED_SWIFT_STANDARD_LIBRARIES = YES;
				ASSETCATALOG_COMPILER_APPICON_NAME = AppIcon;
				ASSETCATALOG_COMPILER_GLOBAL_ACCENT_COLOR_NAME = AccentColor;
				CODE_SIGN_STYLE = Automatic;
				CURRENT_PROJECT_VERSION = 1;
				DEVELOPMENT_ASSET_PATHS = "\"PhotoX/Preview Content\"";
				DEVELOPMENT_TEAM = 7ZQS9U8N6M;
				ENABLE_PREVIEWS = YES;
				GENERATE_INFOPLIST_FILE = YES;
				INFOPLIST_FILE = PhotoX/Info.plist;
				INFOPLIST_KEY_LSApplicationCategoryType = "public.app-category.photography";
				INFOPLIST_KEY_NSPhotoLibraryUsageDescription = "帮你更有效率地清理相册🧹";
				INFOPLIST_KEY_UIApplicationSceneManifest_Generation = YES;
				INFOPLIST_KEY_UIApplicationSupportsIndirectInputEvents = YES;
				INFOPLIST_KEY_UILaunchScreen_Generation = YES;
				INFOPLIST_KEY_UILaunchStoryboardName = "Launch Screen.storyboard";
				INFOPLIST_KEY_UISupportedInterfaceOrientations = UIInterfaceOrientationPortrait;
				INFOPLIST_KEY_UISupportedInterfaceOrientations_iPad = "UIInterfaceOrientationLandscapeLeft UIInterfaceOrientationLandscapeRight UIInterfaceOrientationPortrait";
				LD_RUNPATH_SEARCH_PATHS = (
					"$(inherited)",
					"@executable_path/Frameworks",
				);
				MARKETING_VERSION = 1.0;
				PRODUCT_BUNDLE_IDENTIFIER = com.zyf990621.photox;
				PRODUCT_NAME = "$(TARGET_NAME)";
				SUPPORTED_PLATFORMS = "iphoneos iphonesimulator";
				SUPPORTS_MACCATALYST = NO;
				SUPPORTS_MAC_DESIGNED_FOR_IPHONE_IPAD = NO;
				SWIFT_EMIT_LOC_STRINGS = YES;
				SWIFT_VERSION = 5.0;
				TARGETED_DEVICE_FAMILY = 1;
			};
			name = Debug;
		};
		0AF6010B2AC2C45900C7EFCB /* Release */ = {
			isa = XCBuildConfiguration;
			buildSettings = {
				ALWAYS_EMBED_SWIFT_STANDARD_LIBRARIES = YES;
				ASSETCATALOG_COMPILER_APPICON_NAME = AppIcon;
				ASSETCATALOG_COMPILER_GLOBAL_ACCENT_COLOR_NAME = AccentColor;
				CODE_SIGN_STYLE = Automatic;
				CURRENT_PROJECT_VERSION = 1;
				DEVELOPMENT_ASSET_PATHS = "\"PhotoX/Preview Content\"";
				DEVELOPMENT_TEAM = 7ZQS9U8N6M;
				ENABLE_PREVIEWS = YES;
				GENERATE_INFOPLIST_FILE = YES;
				INFOPLIST_FILE = PhotoX/Info.plist;
				INFOPLIST_KEY_LSApplicationCategoryType = "public.app-category.photography";
				INFOPLIST_KEY_NSPhotoLibraryUsageDescription = "帮你更有效率地清理相册🧹";
				INFOPLIST_KEY_UIApplicationSceneManifest_Generation = YES;
				INFOPLIST_KEY_UIApplicationSupportsIndirectInputEvents = YES;
				INFOPLIST_KEY_UILaunchScreen_Generation = YES;
				INFOPLIST_KEY_UILaunchStoryboardName = "Launch Screen.storyboard";
				INFOPLIST_KEY_UISupportedInterfaceOrientations = UIInterfaceOrientationPortrait;
				INFOPLIST_KEY_UISupportedInterfaceOrientations_iPad = "UIInterfaceOrientationLandscapeLeft UIInterfaceOrientationLandscapeRight UIInterfaceOrientationPortrait";
				LD_RUNPATH_SEARCH_PATHS = (
					"$(inherited)",
					"@executable_path/Frameworks",
				);
				MARKETING_VERSION = 1.0;
				PRODUCT_BUNDLE_IDENTIFIER = com.zyf990621.photox;
				PRODUCT_NAME = "$(TARGET_NAME)";
				SUPPORTED_PLATFORMS = "iphoneos iphonesimulator";
				SUPPORTS_MACCATALYST = NO;
				SUPPORTS_MAC_DESIGNED_FOR_IPHONE_IPAD = NO;
				SWIFT_EMIT_LOC_STRINGS = YES;
				SWIFT_VERSION = 5.0;
				TARGETED_DEVICE_FAMILY = 1;
			};
			name = Release;
		};
/* End XCBuildConfiguration section */

/* Begin XCConfigurationList section */
		0AF600F62AC2C45700C7EFCB /* Build configuration list for PBXProject "PhotoX" */ = {
			isa = XCConfigurationList;
			buildConfigurations = (
				0AF601072AC2C45900C7EFCB /* Debug */,
				0AF601082AC2C45900C7EFCB /* Release */,
			);
			defaultConfigurationIsVisible = 0;
			defaultConfigurationName = Release;
		};
		0AF601092AC2C45900C7EFCB /* Build configuration list for PBXNativeTarget "PhotoX" */ = {
			isa = XCConfigurationList;
			buildConfigurations = (
				0AF6010A2AC2C45900C7EFCB /* Debug */,
				0AF6010B2AC2C45900C7EFCB /* Release */,
			);
			defaultConfigurationIsVisible = 0;
			defaultConfigurationName = Release;
		};
/* End XCConfigurationList section */
	};
	rootObject = 0AF600F32AC2C45700C7EFCB /* Project object */;
}
